# This file is autogenerated, do not edit; changes may be undone by the next 'dep ensure'.


[[projects]]
  branch = "master"
  name = "github.com/mgood/go-posix"
  packages = ["."]
  revision = "948c005421f5d716f5d89cd8940e722240713663"

[solve-meta]
  analyzer-name = "dep"
  analyzer-version = 1
  inputs-digest = "7e751626c04a707b368b812ca9614221a06c8d9d88693f0883945bd943d3c2ec"
  solver-name = "gps-cdcl"
  solver-version = 1
